PODS:
  - Charts (3.0.4):
    - Charts/Core (= 3.0.4)
  - Charts/Core (3.0.4)
  - ImageSlideshow (1.4.1):
    - ImageSlideshow/Core (= 1.4.1)
  - ImageSlideshow/Core (1.4.1)
  - JTHamburgerButton (1.0.5)
  - MIBadgeButton-Swift (0.5)
  - SideMenu (3.1.5)
  - Spring (1.0.5)

DEPENDENCIES:
  - Charts
  - ImageSlideshow (~> 1.4)
  - JTHamburgerButton (~> 1.0)
  - MIBadgeButton-Swift (from `https://github.com/mustafaibrahim989/MIBadgeButton-Swift.git`, branch `master`)
  - SideMenu
  - Spring (from `https://github.com/MengTo/Spring.git`)

SPEC REPOS:
  https://github.com/CocoaPods/Specs.git:
    - Charts
    - ImageSlideshow
    - JTHamburgerButton
    - SideMenu

EXTERNAL SOURCES:
  MIBadgeButton-Swift:
    :branch: master
    :git: https://github.com/mustafaibrahim989/MIBadgeButton-Swift.git
  Spring:
    :git: https://github.com/MengTo/Spring.git

CHECKOUT OPTIONS:
  MIBadgeButton-Swift:
    :commit: 3c2638d2e6e46ec2e6dd978d8ada8863df3df5e6
    :git: https://github.com/mustafaibrahim989/MIBadgeButton-Swift.git
  Spring:
    :commit: 19b04d730d3edabbb02a39e58121d1d3220690ee
    :git: https://github.com/MengTo/Spring.git

SPEC CHECKSUMS:
  Charts: 0705898046257443f0afbbc3179f4b67507b6e48
  ImageSlideshow: 1bb0e610e28a71e8936d57265d882f61714a470b
  JTHamburgerButton: 9a41c7d051c72590a9d2c18416d84d1b912f12e3
  MIBadgeButton-Swift: 9e57309b00b168d75ca8fecb45bc75124a8ffddf
  SideMenu: 47dbf9e4d878062d8994aed43f6e4bf6c1fea30b
  Spring: 48aad470f3ead043b2da98b64e0bf0630b7ebc42

PODFILE CHECKSUM: 2f61c7f76fdbc0129cc5646e038e24314614583b

COCOAPODS: 1.5.0
